
Microsoft Visual Studio Solution File, Format Version 12.00
# Visual Studio Version 17
VisualStudioVersion = 17.5.002.0
MinimumVisualStudioVersion = 10.0.40219.1
Project("{9A19103F-16F7-4668-BE54-9A1E7A4F7556}") = "StudentRegistration", "StudentRegistration.csproj", "{F5889099-3992-40E0-9FE1-344C9479A839}"
EndProject
Global
	GlobalSection(SolutionConfigurationPlatforms) = preSolution
		Debug|Any CPU = Debug|Any CPU
		Release|Any CPU = Release|Any CPU
	EndGlobalSection
	GlobalSection(ProjectConfigurationPlatforms) = postSolution
		{F5889099-3992-40E0-9FE1-344C9479A839}.Debug|Any CPU.ActiveCfg = Debug|Any CPU
		{F5889099-3992-40E0-9FE1-344C9479A839}.Debug|Any CPU.Build.0 = Debug|Any CPU
		{F5889099-3992-40E0-9FE1-344C9479A839}.Release|Any CPU.ActiveCfg = Release|Any CPU
		{F5889099-3992-40E0-9FE1-344C9479A839}.Release|Any CPU.Build.0 = Release|Any CPU
	EndGlobalSection
	GlobalSection(SolutionProperties) = preSolution
		HideSolutionNode = FALSE
	EndGlobalSection
	GlobalSection(ExtensibilityGlobals) = postSolution
		SolutionGuid = {ED739891-92E6-4A0D-9B5D-4BE6A583B7C8}
	EndGlobalSection
EndGlobal
