
Microsoft Visual Studio Solution File, Format Version 12.00
# Visual Studio Version 17
VisualStudioVersion = 17.5.002.0
MinimumVisualStudioVersion = 10.0.40219.1
Project("{9A19103F-16F7-4668-BE54-9A1E7A4F7556}") = "StudentRegistration", "StudentRegistration\StudentRegistration.csproj", "{AD9B5D57-49F3-4970-9CEA-568F299308A5}"
EndProject
Global
	GlobalSection(SolutionConfigurationPlatforms) = preSolution
		Debug|Any CPU = Debug|Any CPU
		Release|Any CPU = Release|Any CPU
	EndGlobalSection
	GlobalSection(ProjectConfigurationPlatforms) = postSolution
		{AD9B5D57-49F3-4970-9CEA-568F299308A5}.Debug|Any CPU.ActiveCfg = Debug|Any CPU
		{AD9B5D57-49F3-4970-9CEA-568F299308A5}.Debug|Any CPU.Build.0 = Debug|Any CPU
		{AD9B5D57-49F3-4970-9CEA-568F299308A5}.Release|Any CPU.ActiveCfg = Release|Any CPU
		{AD9B5D57-49F3-4970-9CEA-568F299308A5}.Release|Any CPU.Build.0 = Release|Any CPU
	EndGlobalSection
	GlobalSection(SolutionProperties) = preSolution
		HideSolutionNode = FALSE
	EndGlobalSection
	GlobalSection(ExtensibilityGlobals) = postSolution
		SolutionGuid = {6A200AFB-0A8C-4260-8683-169928569E48}
	EndGlobalSection
EndGlobal
